
Microsoft Visual Studio Solution File, Format Version 12.00
# Visual Studio Version 17
VisualStudioVersion = 17.7.34024.191
MinimumVisualStudioVersion = 10.0.40219.1
Project("{FAE04EC0-301F-11D3-BF4B-00C04F79EFBC}") = "PZ_02", "PZ_02\PZ_02.csproj", "{024A9689-9AE3-4643-AE5E-ADEF511D3797}"
EndProject
Global
	GlobalSection(SolutionConfigurationPlatforms) = preSolution
		Debug|Any CPU = Debug|Any CPU
		Release|Any CPU = Release|Any CPU
	EndGlobalSection
	GlobalSection(ProjectConfigurationPlatforms) = postSolution
		{024A9689-9AE3-4643-AE5E-ADEF511D3797}.Debug|Any CPU.ActiveCfg = Debug|Any CPU
		{024A9689-9AE3-4643-AE5E-ADEF511D3797}.Debug|Any CPU.Build.0 = Debug|Any CPU
		{024A9689-9AE3-4643-AE5E-ADEF511D3797}.Release|Any CPU.ActiveCfg = Release|Any CPU
		{024A9689-9AE3-4643-AE5E-ADEF511D3797}.Release|Any CPU.Build.0 = Release|Any CPU
	EndGlobalSection
	GlobalSection(SolutionProperties) = preSolution
		HideSolutionNode = FALSE
	EndGlobalSection
	GlobalSection(ExtensibilityGlobals) = postSolution
		SolutionGuid = {234F98A6-FF1B-44B7-9B79-0D900C53E1F6}
	EndGlobalSection
EndGlobal
