
Microsoft Visual Studio Solution File, Format Version 12.00
# Visual Studio Version 17
VisualStudioVersion = 17.7.34024.191
MinimumVisualStudioVersion = 10.0.40219.1
Project("{9A19103F-16F7-4668-BE54-9A1E7A4F7556}") = "PZ_15", "PZ_15\PZ_15.csproj", "{463600FF-53C4-494C-8F05-739CE8A47376}"
EndProject
Project("{9A19103F-16F7-4668-BE54-9A1E7A4F7556}") = "PZ_01", "PZ_01\PZ_01.csproj", "{E8CB8ADB-02FE-4EA2-AE75-BD1D4CDD2A76}"
EndProject
Project("{9A19103F-16F7-4668-BE54-9A1E7A4F7556}") = "PZ_02", "PZ_02\PZ_02.csproj", "{550AD3E9-7FBD-48DD-A801-761060AA2AEE}"
EndProject
Project("{9A19103F-16F7-4668-BE54-9A1E7A4F7556}") = "PZ_03", "PZ_03\PZ_03.csproj", "{E3905E00-F2D0-47D8-9C87-38829E972D1D}"
EndProject
Project("{9A19103F-16F7-4668-BE54-9A1E7A4F7556}") = "PZ_04", "PZ_04\PZ_04.csproj", "{1F1AC518-3CE1-4B1C-B5F1-7B17890EAF95}"
EndProject
Project("{9A19103F-16F7-4668-BE54-9A1E7A4F7556}") = "PZ_05", "PZ_05\PZ_05.csproj", "{8C7A4336-A8DB-432C-8179-F528DEF7EE5B}"
EndProject
Project("{9A19103F-16F7-4668-BE54-9A1E7A4F7556}") = "PZ_06", "PZ_06\PZ_06.csproj", "{869C4DD3-42D5-4996-B136-FB25F9512599}"
EndProject
Project("{9A19103F-16F7-4668-BE54-9A1E7A4F7556}") = "PZ_07", "PZ_07\PZ_07.csproj", "{6FEF0114-A8E1-4B0F-9FC0-FFEF327A1B14}"
EndProject
Project("{9A19103F-16F7-4668-BE54-9A1E7A4F7556}") = "PZ_08", "PZ_08\PZ_08.csproj", "{C7EC73F4-E495-4141-8B30-62A794046575}"
EndProject
Project("{9A19103F-16F7-4668-BE54-9A1E7A4F7556}") = "PZ_09", "PZ_09\PZ_09.csproj", "{E369CCAC-167B-4576-BC17-E7D5A83F1806}"
EndProject
Project("{9A19103F-16F7-4668-BE54-9A1E7A4F7556}") = "PZ_10", "PZ_10\PZ_10.csproj", "{127C557C-43D1-4B7B-8255-AE0EB1B040D1}"
EndProject
Project("{9A19103F-16F7-4668-BE54-9A1E7A4F7556}") = "PZ_11", "PZ_11\PZ_11.csproj", "{2C3913E8-B4B6-4108-B69F-F2755CD95C65}"
EndProject
Project("{9A19103F-16F7-4668-BE54-9A1E7A4F7556}") = "PZ_12", "PZ_12\PZ_12.csproj", "{926FBB41-606D-4E35-8451-61878915A134}"
EndProject
Project("{9A19103F-16F7-4668-BE54-9A1E7A4F7556}") = "PZ_13", "PZ_13\PZ_13.csproj", "{144DBF7B-9628-49CD-98C9-5577B2F6FFD4}"
EndProject
Project("{9A19103F-16F7-4668-BE54-9A1E7A4F7556}") = "PZ_14", "PZ_14\PZ_14.csproj", "{EAF467E0-0E1C-4B88-A197-2AD0BFA2B948}"
EndProject
Project("{9A19103F-16F7-4668-BE54-9A1E7A4F7556}") = "Gamee", "..\ConsoleApp14\ConsoleApp14\Gamee.csproj", "{9E2E74B1-C821-4914-873D-C9471C79E5C1}"
EndProject
Project("{9A19103F-16F7-4668-BE54-9A1E7A4F7556}") = "Calc", "..\Calc\Calc\Calc.csproj", "{DCADF822-B219-4D88-AA37-9743A5D42D65}"
EndProject
Global
	GlobalSection(SolutionConfigurationPlatforms) = preSolution
		Debug|Any CPU = Debug|Any CPU
		Release|Any CPU = Release|Any CPU
	EndGlobalSection
	GlobalSection(ProjectConfigurationPlatforms) = postSolution
		{463600FF-53C4-494C-8F05-739CE8A47376}.Debug|Any CPU.ActiveCfg = Debug|Any CPU
		{463600FF-53C4-494C-8F05-739CE8A47376}.Debug|Any CPU.Build.0 = Debug|Any CPU
		{463600FF-53C4-494C-8F05-739CE8A47376}.Release|Any CPU.ActiveCfg = Release|Any CPU
		{463600FF-53C4-494C-8F05-739CE8A47376}.Release|Any CPU.Build.0 = Release|Any CPU
		{E8CB8ADB-02FE-4EA2-AE75-BD1D4CDD2A76}.Debug|Any CPU.ActiveCfg = Debug|Any CPU
		{E8CB8ADB-02FE-4EA2-AE75-BD1D4CDD2A76}.Debug|Any CPU.Build.0 = Debug|Any CPU
		{E8CB8ADB-02FE-4EA2-AE75-BD1D4CDD2A76}.Release|Any CPU.ActiveCfg = Release|Any CPU
		{E8CB8ADB-02FE-4EA2-AE75-BD1D4CDD2A76}.Release|Any CPU.Build.0 = Release|Any CPU
		{550AD3E9-7FBD-48DD-A801-761060AA2AEE}.Debug|Any CPU.ActiveCfg = Debug|Any CPU
		{550AD3E9-7FBD-48DD-A801-761060AA2AEE}.Debug|Any CPU.Build.0 = Debug|Any CPU
		{550AD3E9-7FBD-48DD-A801-761060AA2AEE}.Release|Any CPU.ActiveCfg = Release|Any CPU
		{550AD3E9-7FBD-48DD-A801-761060AA2AEE}.Release|Any CPU.Build.0 = Release|Any CPU
		{E3905E00-F2D0-47D8-9C87-38829E972D1D}.Debug|Any CPU.ActiveCfg = Debug|Any CPU
		{E3905E00-F2D0-47D8-9C87-38829E972D1D}.Debug|Any CPU.Build.0 = Debug|Any CPU
		{E3905E00-F2D0-47D8-9C87-38829E972D1D}.Release|Any CPU.ActiveCfg = Release|Any CPU
		{E3905E00-F2D0-47D8-9C87-38829E972D1D}.Release|Any CPU.Build.0 = Release|Any CPU
		{1F1AC518-3CE1-4B1C-B5F1-7B17890EAF95}.Debug|Any CPU.ActiveCfg = Debug|Any CPU
		{1F1AC518-3CE1-4B1C-B5F1-7B17890EAF95}.Debug|Any CPU.Build.0 = Debug|Any CPU
		{1F1AC518-3CE1-4B1C-B5F1-7B17890EAF95}.Release|Any CPU.ActiveCfg = Release|Any CPU
		{1F1AC518-3CE1-4B1C-B5F1-7B17890EAF95}.Release|Any CPU.Build.0 = Release|Any CPU
		{8C7A4336-A8DB-432C-8179-F528DEF7EE5B}.Debug|Any CPU.ActiveCfg = Debug|Any CPU
		{8C7A4336-A8DB-432C-8179-F528DEF7EE5B}.Debug|Any CPU.Build.0 = Debug|Any CPU
		{8C7A4336-A8DB-432C-8179-F528DEF7EE5B}.Release|Any CPU.ActiveCfg = Release|Any CPU
		{8C7A4336-A8DB-432C-8179-F528DEF7EE5B}.Release|Any CPU.Build.0 = Release|Any CPU
		{869C4DD3-42D5-4996-B136-FB25F9512599}.Debug|Any CPU.ActiveCfg = Debug|Any CPU
		{869C4DD3-42D5-4996-B136-FB25F9512599}.Debug|Any CPU.Build.0 = Debug|Any CPU
		{869C4DD3-42D5-4996-B136-FB25F9512599}.Release|Any CPU.ActiveCfg = Release|Any CPU
		{869C4DD3-42D5-4996-B136-FB25F9512599}.Release|Any CPU.Build.0 = Release|Any CPU
		{6FEF0114-A8E1-4B0F-9FC0-FFEF327A1B14}.Debug|Any CPU.ActiveCfg = Debug|Any CPU
		{6FEF0114-A8E1-4B0F-9FC0-FFEF327A1B14}.Debug|Any CPU.Build.0 = Debug|Any CPU
		{6FEF0114-A8E1-4B0F-9FC0-FFEF327A1B14}.Release|Any CPU.ActiveCfg = Release|Any CPU
		{6FEF0114-A8E1-4B0F-9FC0-FFEF327A1B14}.Release|Any CPU.Build.0 = Release|Any CPU
		{C7EC73F4-E495-4141-8B30-62A794046575}.Debug|Any CPU.ActiveCfg = Debug|Any CPU
		{C7EC73F4-E495-4141-8B30-62A794046575}.Debug|Any CPU.Build.0 = Debug|Any CPU
		{C7EC73F4-E495-4141-8B30-62A794046575}.Release|Any CPU.ActiveCfg = Release|Any CPU
		{C7EC73F4-E495-4141-8B30-62A794046575}.Release|Any CPU.Build.0 = Release|Any CPU
		{E369CCAC-167B-4576-BC17-E7D5A83F1806}.Debug|Any CPU.ActiveCfg = Debug|Any CPU
		{E369CCAC-167B-4576-BC17-E7D5A83F1806}.Debug|Any CPU.Build.0 = Debug|Any CPU
		{E369CCAC-167B-4576-BC17-E7D5A83F1806}.Release|Any CPU.ActiveCfg = Release|Any CPU
		{E369CCAC-167B-4576-BC17-E7D5A83F1806}.Release|Any CPU.Build.0 = Release|Any CPU
		{127C557C-43D1-4B7B-8255-AE0EB1B040D1}.Debug|Any CPU.ActiveCfg = Debug|Any CPU
		{127C557C-43D1-4B7B-8255-AE0EB1B040D1}.Debug|Any CPU.Build.0 = Debug|Any CPU
		{127C557C-43D1-4B7B-8255-AE0EB1B040D1}.Release|Any CPU.ActiveCfg = Release|Any CPU
		{127C557C-43D1-4B7B-8255-AE0EB1B040D1}.Release|Any CPU.Build.0 = Release|Any CPU
		{2C3913E8-B4B6-4108-B69F-F2755CD95C65}.Debug|Any CPU.ActiveCfg = Debug|Any CPU
		{2C3913E8-B4B6-4108-B69F-F2755CD95C65}.Debug|Any CPU.Build.0 = Debug|Any CPU
		{2C3913E8-B4B6-4108-B69F-F2755CD95C65}.Release|Any CPU.ActiveCfg = Release|Any CPU
		{2C3913E8-B4B6-4108-B69F-F2755CD95C65}.Release|Any CPU.Build.0 = Release|Any CPU
		{926FBB41-606D-4E35-8451-61878915A134}.Debug|Any CPU.ActiveCfg = Debug|Any CPU
		{926FBB41-606D-4E35-8451-61878915A134}.Debug|Any CPU.Build.0 = Debug|Any CPU
		{926FBB41-606D-4E35-8451-61878915A134}.Release|Any CPU.ActiveCfg = Release|Any CPU
		{926FBB41-606D-4E35-8451-61878915A134}.Release|Any CPU.Build.0 = Release|Any CPU
		{144DBF7B-9628-49CD-98C9-5577B2F6FFD4}.Debug|Any CPU.ActiveCfg = Debug|Any CPU
		{144DBF7B-9628-49CD-98C9-5577B2F6FFD4}.Debug|Any CPU.Build.0 = Debug|Any CPU
		{144DBF7B-9628-49CD-98C9-5577B2F6FFD4}.Release|Any CPU.ActiveCfg = Release|Any CPU
		{144DBF7B-9628-49CD-98C9-5577B2F6FFD4}.Release|Any CPU.Build.0 = Release|Any CPU
		{EAF467E0-0E1C-4B88-A197-2AD0BFA2B948}.Debug|Any CPU.ActiveCfg = Debug|Any CPU
		{EAF467E0-0E1C-4B88-A197-2AD0BFA2B948}.Debug|Any CPU.Build.0 = Debug|Any CPU
		{EAF467E0-0E1C-4B88-A197-2AD0BFA2B948}.Release|Any CPU.ActiveCfg = Release|Any CPU
		{EAF467E0-0E1C-4B88-A197-2AD0BFA2B948}.Release|Any CPU.Build.0 = Release|Any CPU
		{9E2E74B1-C821-4914-873D-C9471C79E5C1}.Debug|Any CPU.ActiveCfg = Debug|Any CPU
		{9E2E74B1-C821-4914-873D-C9471C79E5C1}.Debug|Any CPU.Build.0 = Debug|Any CPU
		{9E2E74B1-C821-4914-873D-C9471C79E5C1}.Release|Any CPU.ActiveCfg = Release|Any CPU
		{9E2E74B1-C821-4914-873D-C9471C79E5C1}.Release|Any CPU.Build.0 = Release|Any CPU
		{DCADF822-B219-4D88-AA37-9743A5D42D65}.Debug|Any CPU.ActiveCfg = Debug|Any CPU
		{DCADF822-B219-4D88-AA37-9743A5D42D65}.Debug|Any CPU.Build.0 = Debug|Any CPU
		{DCADF822-B219-4D88-AA37-9743A5D42D65}.Release|Any CPU.ActiveCfg = Release|Any CPU
		{DCADF822-B219-4D88-AA37-9743A5D42D65}.Release|Any CPU.Build.0 = Release|Any CPU
	EndGlobalSection
	GlobalSection(SolutionProperties) = preSolution
		HideSolutionNode = FALSE
	EndGlobalSection
	GlobalSection(ExtensibilityGlobals) = postSolution
		SolutionGuid = {A3A21028-08D9-4CFE-B2D3-896605F1AB1C}
	EndGlobalSection
EndGlobal
